
Microsoft Visual Studio Solution File, Format Version 12.00
# Visual Studio Version 16
VisualStudioVersion = 16.0.29009.5
MinimumVisualStudioVersion = 10.0.40219.1
Project("{FAE04EC0-301F-11D3-BF4B-00C04F79EFBC}") = "MobileAppUsageDashboard", "MobileAppUsageDashboard.csproj", "{3CF60789-3230-4474-90A8-C9F1E8D6301F}"
EndProject
Global
	GlobalSection(SolutionConfigurationPlatforms) = preSolution
		Debug|Any CPU = Debug|Any CPU
		Release|Any CPU = Release|Any CPU
	EndGlobalSection
	GlobalSection(ProjectConfigurationPlatforms) = postSolution
		{3CF60789-3230-4474-90A8-C9F1E8D6301F}.Debug|Any CPU.ActiveCfg = Debug|Any CPU
		{3CF60789-3230-4474-90A8-C9F1E8D6301F}.Debug|Any CPU.Build.0 = Debug|Any CPU
		{3CF60789-3230-4474-90A8-C9F1E8D6301F}.Release|Any CPU.ActiveCfg = Release|Any CPU
		{3CF60789-3230-4474-90A8-C9F1E8D6301F}.Release|Any CPU.Build.0 = Release|Any CPU
	EndGlobalSection
	GlobalSection(SolutionProperties) = preSolution
		HideSolutionNode = FALSE
	EndGlobalSection
	GlobalSection(ExtensibilityGlobals) = postSolution
		SolutionGuid = {535067B3-2787-4CEF-88A0-0C77DBEECE2B}
	EndGlobalSection
EndGlobal
